// !$*UTF8*$!
{
	archiveVersion = 1;
	classes = {
	};
	objectVersion = 77;
	objects = {

/* Begin PBXBuildFile section */
		739D7554305DCFD500302FD6 /* WhisperKit in Frameworks */ = {isa = PBXBuildFile; productRef = 73WK0002305C000000000002 /* WhisperKit */; };
		73A0B0020000000000000002 /* ShroudNotificationService.appex in Embed Foundation Extensions */ = {isa = PBXBuildFile; fileRef = 73A0B0010000000000000001 /* ShroudNotificationService.appex */; settings = {ATTRIBUTES = (RemoveHeadersOnCopy, ); }; };
		73WR0003305C000000000003 /* WebRTC in Frameworks */ = {isa = PBXBuildFile; productRef = 73WR0002305C000000000002 /* WebRTC */; };
/* End PBXBuildFile section */

/* Begin PBXContainerItemProxy section */
		736BA36D3007DFB9005F6B14 /* PBXContainerItemProxy */ = {
			isa = PBXContainerItemProxy;
			containerPortal = 736BA3553007DFB8005F6B14 /* Project object */;
			proxyType = 1;
			remoteGlobalIDString = 736BA35C3007DFB8005F6B14;
			remoteInfo = shroud;
		};
		736BA3773007DFB9005F6B14 /* PBXContainerItemProxy */ = {
			isa = PBXContainerItemProxy;
			containerPortal = 736BA3553007DFB8005F6B14 /* Project object */;
			proxyType = 1;
			remoteGlobalIDString = 736BA35C3007DFB8005F6B14;
			remoteInfo = shroud;
		};
		73A0B0030000000000000003 /* PBXContainerItemProxy */ = {
			isa = PBXContainerItemProxy;
			containerPortal = 736BA3553007DFB8005F6B14 /* Project object */;
			proxyType = 1;
			remoteGlobalIDString = 73A0B0100000000000000010;
			remoteInfo = ShroudNotificationService;
		};
/* End PBXContainerItemProxy section */

/* Begin PBXCopyFilesBuildPhase section */
		73A0B0050000000000000005 /* Embed Foundation Extensions */ = {
			isa = PBXCopyFilesBuildPhase;
			buildActionMask = 2147483647;
			dstPath = "";
			dstSubfolderSpec = 13;
			files = (
				73A0B0020000000000000002 /* ShroudNotificationService.appex in Embed Foundation Extensions */,
			);
			name = "Embed Foundation Extensions";
			runOnlyForDeploymentPostprocessing = 0;
		};
/* End PBXCopyFilesBuildPhase section */

/* Begin PBXFileReference section */
		736BA35D3007DFB8005F6B14 /* shroud.app */ = {isa = PBXFileReference; explicitFileType = wrapper.application; includeInIndex = 0; path = shroud.app; sourceTree = BUILT_PRODUCTS_DIR; };
		736BA36C3007DFB9005F6B14 /* shroudTests.xctest */ = {isa = PBXFileReference; explicitFileType = wrapper.cfbundle; includeInIndex = 0; path = shroudTests.xctest; sourceTree = BUILT_PRODUCTS_DIR; };
		736BA3763007DFB9005F6B14 /* shroudUITests.xctest */ = {isa = PBXFileReference; explicitFileType = wrapper.cfbundle; includeInIndex = 0; path = shroudUITests.xctest; sourceTree = BUILT_PRODUCTS_DIR; };
		73A0B0010000000000000001 /* ShroudNotificationService.appex */ = {isa = PBXFileReference; explicitFileType = "wrapper.app-extension"; includeInIndex = 0; path = ShroudNotificationService.appex; sourceTree = BUILT_PRODUCTS_DIR; };
/* End PBXFileReference section */

/* Begin PBXFileSystemSynchronizedBuildFileExceptionSet section */
		73A0B0060000000000000006 /* Exceptions for "ShroudNotificationService" folder in "ShroudNotificationService" target */ = {
			isa = PBXFileSystemSynchronizedBuildFileExceptionSet;
			membershipExceptions = (
				Info.plist,
			);
			target = 73A0B0100000000000000010 /* ShroudNotificationService */;
		};
		73DA6988305B04FA008322B9 /* Exceptions for "shroud" folder in "shroud" target */ = {
			isa = PBXFileSystemSynchronizedBuildFileExceptionSet;
			membershipExceptions = (
				Info.plist,
			);
			target = 736BA35C3007DFB8005F6B14 /* shroud */;
		};
/* End PBXFileSystemSynchronizedBuildFileExceptionSet section */

/* Begin PBXFileSystemSynchronizedRootGroup section */
		736BA35F3007DFB8005F6B14 /* shroud */ = {
			isa = PBXFileSystemSynchronizedRootGroup;
			exceptions = (
				73DA6988305B04FA008322B9 /* Exceptions for "shroud" folder in "shroud" target */,
			);
			path = shroud;
			sourceTree = "<group>";
		};
		736BA36F3007DFB9005F6B14 /* shroudTests */ = {
			isa = PBXFileSystemSynchronizedRootGroup;
			path = shroudTests;
			sourceTree = "<group>";
		};
		736BA3793007DFB9005F6B14 /* shroudUITests */ = {
			isa = PBXFileSystemSynchronizedRootGroup;
			path = shroudUITests;
			sourceTree = "<group>";
		};
		73A0B0070000000000000007 /* ShroudNotificationService */ = {
			isa = PBXFileSystemSynchronizedRootGroup;
			exceptions = (
				73A0B0060000000000000006 /* Exceptions for "ShroudNotificationService" folder in "ShroudNotificationService" target */,
			);
			path = ShroudNotificationService;
			sourceTree = "<group>";
		};
		73A0B0080000000000000008 /* ShroudShared */ = {
			isa = PBXFileSystemSynchronizedRootGroup;
			path = ShroudShared;
			sourceTree = "<group>";
		};
/* End PBXFileSystemSynchronizedRootGroup section */

/* Begin PBXFrameworksBuildPhase section */
		736BA35A3007DFB8005F6B14 /* Frameworks */ = {
			isa = PBXFrameworksBuildPhase;
			buildActionMask = 2147483647;
			files = (
				739D7554305DCFD500302FD6 /* WhisperKit in Frameworks */,
				73WR0003305C000000000003 /* WebRTC in Frameworks */,
			);
			runOnlyForDeploymentPostprocessing = 0;
		};
		736BA3693007DFB9005F6B14 /* Frameworks */ = {
			isa = PBXFrameworksBuildPhase;
			buildActionMask = 2147483647;
			files = (
			);
			runOnlyForDeploymentPostprocessing = 0;
		};
		736BA3733007DFB9005F6B14 /* Frameworks */ = {
			isa = PBXFrameworksBuildPhase;
			buildActionMask = 2147483647;
			files = (
			);
			runOnlyForDeploymentPostprocessing = 0;
		};
		73A0B00B000000000000000B /* Frameworks */ = {
			isa = PBXFrameworksBuildPhase;
			buildActionMask = 2147483647;
			files = (
			);
			runOnlyForDeploymentPostprocessing = 0;
		};
/* End PBXFrameworksBuildPhase section */

/* Begin PBXGroup section */
		736BA3543007DFB8005F6B14 = {
			isa = PBXGroup;
			children = (
				736BA35F3007DFB8005F6B14 /* shroud */,
				736BA36F3007DFB9005F6B14 /* shroudTests */,
				736BA3793007DFB9005F6B14 /* shroudUITests */,
				73A0B0080000000000000008 /* ShroudShared */,
				73A0B0070000000000000007 /* ShroudNotificationService */,
				736BA35E3007DFB8005F6B14 /* Products */,
			);
			sourceTree = "<group>";
		};
		736BA35E3007DFB8005F6B14 /* Products */ = {
			isa = PBXGroup;
			children = (
				736BA35D3007DFB8005F6B14 /* shroud.app */,
				736BA36C3007DFB9005F6B14 /* shroudTests.xctest */,
				736BA3763007DFB9005F6B14 /* shroudUITests.xctest */,
				73A0B0010000000000000001 /* ShroudNotificationService.appex */,
			);
			name = Products;
			sourceTree = "<group>";
		};
/* End PBXGroup section */

/* Begin PBXNativeTarget section */
		736BA35C3007DFB8005F6B14 /* shroud */ = {
			isa = PBXNativeTarget;
			buildConfigurationList = 736BA3803007DFB9005F6B14 /* Build configuration list for PBXNativeTarget "shroud" */;
			buildPhases = (
				736BA3593007DFB8005F6B14 /* Sources */,
				736BA35A3007DFB8005F6B14 /* Frameworks */,
				736BA35B3007DFB8005F6B14 /* Resources */,
				73A0B0050000000000000005 /* Embed Foundation Extensions */,
			);
			buildRules = (
			);
			dependencies = (
				73A0B0040000000000000004 /* PBXTargetDependency */,
			);
			fileSystemSynchronizedGroups = (
				736BA35F3007DFB8005F6B14 /* shroud */,
				73A0B0080000000000000008 /* ShroudShared */,
			);
			name = shroud;
			packageProductDependencies = (
				73WK0002305C000000000002 /* WhisperKit */,
				73WR0002305C000000000002 /* WebRTC */,
			);
			productName = shroud;
			productReference = 736BA35D3007DFB8005F6B14 /* shroud.app */;
			productType = "com.apple.product-type.application";
		};
		736BA36B3007DFB9005F6B14 /* shroudTests */ = {
			isa = PBXNativeTarget;
			buildConfigurationList = 736BA3833007DFB9005F6B14 /* Build configuration list for PBXNativeTarget "shroudTests" */;
			buildPhases = (
				736BA3683007DFB9005F6B14 /* Sources */,
				736BA3693007DFB9005F6B14 /* Frameworks */,
				736BA36A3007DFB9005F6B14 /* Resources */,
			);
			buildRules = (
			);
			dependencies = (
				736BA36E3007DFB9005F6B14 /* PBXTargetDependency */,
			);
			fileSystemSynchronizedGroups = (
				736BA36F3007DFB9005F6B14 /* shroudTests */,
			);
			name = shroudTests;
			packageProductDependencies = (
			);
			productName = shroudTests;
			productReference = 736BA36C3007DFB9005F6B14 /* shroudTests.xctest */;
			productType = "com.apple.product-type.bundle.unit-test";
		};
		736BA3753007DFB9005F6B14 /* shroudUITests */ = {
			isa = PBXNativeTarget;
			buildConfigurationList = 736BA3863007DFB9005F6B14 /* Build configuration list for PBXNativeTarget "shroudUITests" */;
			buildPhases = (
				736BA3723007DFB9005F6B14 /* Sources */,
				736BA3733007DFB9005F6B14 /* Frameworks */,
				736BA3743007DFB9005F6B14 /* Resources */,
			);
			buildRules = (
			);
			dependencies = (
				736BA3783007DFB9005F6B14 /* PBXTargetDependency */,
			);
			fileSystemSynchronizedGroups = (
				736BA3793007DFB9005F6B14 /* shroudUITests */,
			);
			name = shroudUITests;
			packageProductDependencies = (
			);
			productName = shroudUITests;
			productReference = 736BA3763007DFB9005F6B14 /* shroudUITests.xctest */;
			productType = "com.apple.product-type.bundle.ui-testing";
		};
		73A0B0100000000000000010 /* ShroudNotificationService */ = {
			isa = PBXNativeTarget;
			buildConfigurationList = 73A0B0130000000000000013 /* Build configuration list for PBXNativeTarget "ShroudNotificationService" */;
			buildPhases = (
				73A0B00A000000000000000A /* Sources */,
				73A0B00B000000000000000B /* Frameworks */,
				73A0B00C000000000000000C /* Resources */,
			);
			buildRules = (
			);
			dependencies = (
			);
			fileSystemSynchronizedGroups = (
				73A0B0070000000000000007 /* ShroudNotificationService */,
				73A0B0080000000000000008 /* ShroudShared */,
			);
			name = ShroudNotificationService;
			packageProductDependencies = (
			);
			productName = ShroudNotificationService;
			productReference = 73A0B0010000000000000001 /* ShroudNotificationService.appex */;
			productType = "com.apple.product-type.app-extension";
		};
/* End PBXNativeTarget section */

/* Begin PBXProject section */
		736BA3553007DFB8005F6B14 /* Project object */ = {
			isa = PBXProject;
			attributes = {
				BuildIndependentTargetsInParallel = 1;
				LastSwiftUpdateCheck = 2660;
				LastUpgradeCheck = 2700;
				TargetAttributes = {
					736BA35C3007DFB8005F6B14 = {
						CreatedOnToolsVersion = 26.6;
					};
					736BA36B3007DFB9005F6B14 = {
						CreatedOnToolsVersion = 26.6;
						TestTargetID = 736BA35C3007DFB8005F6B14;
					};
					736BA3753007DFB9005F6B14 = {
						CreatedOnToolsVersion = 26.6;
						TestTargetID = 736BA35C3007DFB8005F6B14;
					};
					73A0B0100000000000000010 = {
						CreatedOnToolsVersion = 26.6;
					};
				};
			};
			buildConfigurationList = 736BA3583007DFB8005F6B14 /* Build configuration list for PBXProject "shroud" */;
			developmentRegion = en;
			hasScannedForEncodings = 0;
			knownRegions = (
				en,
				Base,
			);
			mainGroup = 736BA3543007DFB8005F6B14;
			minimizedProjectReferenceProxies = 1;
			packageReferences = (
				73WK0001305C000000000001 /* XCRemoteSwiftPackageReference "WhisperKit" */,
				73WR0001305C000000000001 /* XCLocalSwiftPackageReference "Vendor/WebRTC" */,
			);
			preferredProjectObjectVersion = 77;
			productRefGroup = 736BA35E3007DFB8005F6B14 /* Products */;
			projectDirPath = "";
			projectRoot = "";
			targets = (
				736BA35C3007DFB8005F6B14 /* shroud */,
				736BA36B3007DFB9005F6B14 /* shroudTests */,
				736BA3753007DFB9005F6B14 /* shroudUITests */,
				73A0B0100000000000000010 /* ShroudNotificationService */,
			);
		};
/* End PBXProject section */

/* Begin PBXResourcesBuildPhase section */
		736BA35B3007DFB8005F6B14 /* Resources */ = {
			isa = PBXResourcesBuildPhase;
			buildActionMask = 2147483647;
			files = (
			);
			runOnlyForDeploymentPostprocessing = 0;
		};
		736BA36A3007DFB9005F6B14 /* Resources */ = {
			isa = PBXResourcesBuildPhase;
			buildActionMask = 2147483647;
			files = (
			);
			runOnlyForDeploymentPostprocessing = 0;
		};
		736BA3743007DFB9005F6B14 /* Resources */ = {
			isa = PBXResourcesBuildPhase;
			buildActionMask = 2147483647;
			files = (
			);
			runOnlyForDeploymentPostprocessing = 0;
		};
		73A0B00C000000000000000C /* Resources */ = {
			isa = PBXResourcesBuildPhase;
			buildActionMask = 2147483647;
			files = (
			);
			runOnlyForDeploymentPostprocessing = 0;
		};
/* End PBXResourcesBuildPhase section */

/* Begin PBXSourcesBuildPhase section */
		736BA3593007DFB8005F6B14 /* Sources */ = {
			isa = PBXSourcesBuildPhase;
			buildActionMask = 2147483647;
			files = (
			);
			runOnlyForDeploymentPostprocessing = 0;
		};
		736BA3683007DFB9005F6B14 /* Sources */ = {
			isa = PBXSourcesBuildPhase;
			buildActionMask = 2147483647;
			files = (
			);
			runOnlyForDeploymentPostprocessing = 0;
		};
		736BA3723007DFB9005F6B14 /* Sources */ = {
			isa = PBXSourcesBuildPhase;
			buildActionMask = 2147483647;
			files = (
			);
			runOnlyForDeploymentPostprocessing = 0;
		};
		73A0B00A000000000000000A /* Sources */ = {
			isa = PBXSourcesBuildPhase;
			buildActionMask = 2147483647;
			files = (
			);
			runOnlyForDeploymentPostprocessing = 0;
		};
/* End PBXSourcesBuildPhase section */

/* Begin PBXTargetDependency section */
		736BA36E3007DFB9005F6B14 /* PBXTargetDependency */ = {
			isa = PBXTargetDependency;
			target = 736BA35C3007DFB8005F6B14 /* shroud */;
			targetProxy = 736BA36D3007DFB9005F6B14 /* PBXContainerItemProxy */;
		};
		736BA3783007DFB9005F6B14 /* PBXTargetDependency */ = {
			isa = PBXTargetDependency;
			target = 736BA35C3007DFB8005F6B14 /* shroud */;
			targetProxy = 736BA3773007DFB9005F6B14 /* PBXContainerItemProxy */;
		};
		73A0B0040000000000000004 /* PBXTargetDependency */ = {
			isa = PBXTargetDependency;
			target = 73A0B0100000000000000010 /* ShroudNotificationService */;
			targetProxy = 73A0B0030000000000000003 /* PBXContainerItemProxy */;
		};
/* End PBXTargetDependency section */

/* Begin XCBuildConfiguration section */
		736BA37E3007DFB9005F6B14 /* Debug */ = {
			isa = XCBuildConfiguration;
			buildSettings = {
				ALWAYS_SEARCH_USER_PATHS = NO;
				ASSETCATALOG_COMPILER_GENERATE_SWIFT_ASSET_SYMBOL_EXTENSIONS = YES;
				CLANG_ANALYZER_NONNULL = YES;
				CLANG_ANALYZER_NUMBER_OBJECT_CONVERSION = YES_AGGRESSIVE;
				CLANG_CXX_LANGUAGE_STANDARD = "gnu++20";
				CLANG_ENABLE_MODULES = YES;
				CLANG_ENABLE_OBJC_ARC = YES;
				CLANG_ENABLE_OBJC_WEAK = YES;
				CLANG_WARN_BLOCK_CAPTURE_AUTORELEASING = YES;
				CLANG_WARN_BOOL_CONVERSION = YES;
				CLANG_WARN_COMMA = YES;
				CLANG_WARN_CONSTANT_CONVERSION = YES;
				CLANG_WARN_DEPRECATED_OBJC_IMPLEMENTATIONS = YES;
				CLANG_WARN_DIRECT_OBJC_ISA_USAGE = YES_ERROR;
				CLANG_WARN_DOCUMENTATION_COMMENTS = YES;
				CLANG_WARN_EMPTY_BODY = YES;
				CLANG_WARN_ENUM_CONVERSION = YES;
				CLANG_WARN_INFINITE_RECURSION = YES;
				CLANG_WARN_INT_CONVERSION = YES;
				CLANG_WARN_NON_LITERAL_NULL_CONVERSION = YES;
				CLANG_WARN_OBJC_IMPLICIT_RETAIN_SELF = YES;
				CLANG_WARN_OBJC_LITERAL_CONVERSION = YES;
				CLANG_WARN_OBJC_ROOT_CLASS = YES_ERROR;
				CLANG_WARN_QUOTED_INCLUDE_IN_FRAMEWORK_HEADER = YES;
				CLANG_WARN_RANGE_LOOP_ANALYSIS = YES;
				CLANG_WARN_STRICT_PROTOTYPES = YES;
				CLANG_WARN_SUSPICIOUS_MOVE = YES;
				CLANG_WARN_UNGUARDED_AVAILABILITY = YES_AGGRESSIVE;
				CLANG_WARN_UNREACHABLE_CODE = YES;
				CLANG_WARN__DUPLICATE_METHOD_MATCH = YES;
				COPY_PHASE_STRIP = NO;
				DEBUG_INFORMATION_FORMAT = dwarf;
				DEVELOPMENT_TEAM = 2G3936C5F4;
				ENABLE_STRICT_OBJC_MSGSEND = YES;
				ENABLE_TESTABILITY = YES;
				ENABLE_USER_SCRIPT_SANDBOXING = YES;
				GCC_C_LANGUAGE_STANDARD = gnu17;
				GCC_DYNAMIC_NO_PIC = NO;
				GCC_NO_COMMON_BLOCKS = YES;
				GCC_OPTIMIZATION_LEVEL = 0;
				GCC_PREPROCESSOR_DEFINITIONS = (
					"DEBUG=1",
					"$(inherited)",
				);
				GCC_WARN_64_TO_32_BIT_CONVERSION = YES;
				GCC_WARN_ABOUT_RETURN_TYPE = YES_ERROR;
				GCC_WARN_UNDECLARED_SELECTOR = YES;
				GCC_WARN_UNINITIALIZED_AUTOS = YES_AGGRESSIVE;
				GCC_WARN_UNUSED_FUNCTION = YES;
				GCC_WARN_UNUSED_VARIABLE = YES;
				IPHONEOS_DEPLOYMENT_TARGET = 26.5;
				LOCALIZATION_PREFERS_STRING_CATALOGS = YES;
				MTL_ENABLE_DEBUG_INFO = INCLUDE_SOURCE;
				MTL_FAST_MATH = YES;
				ONLY_ACTIVE_ARCH = YES;
				SDKROOT = iphoneos;
				STRING_CATALOG_GENERATE_SYMBOLS = YES;
				SWIFT_ACTIVE_COMPILATION_CONDITIONS = "DEBUG $(inherited)";
				SWIFT_OPTIMIZATION_LEVEL = "-Onone";
			};
			name = Debug;
		};
		736BA37F3007DFB9005F6B14 /* Release */ = {
			isa = XCBuildConfiguration;
			buildSettings = {
				ALWAYS_SEARCH_USER_PATHS = NO;
				ASSETCATALOG_COMPILER_GENERATE_SWIFT_ASSET_SYMBOL_EXTENSIONS = YES;
				CLANG_ANALYZER_NONNULL = YES;
				CLANG_ANALYZER_NUMBER_OBJECT_CONVERSION = YES_AGGRESSIVE;
				CLANG_CXX_LANGUAGE_STANDARD = "gnu++20";
				CLANG_ENABLE_MODULES = YES;
				CLANG_ENABLE_OBJC_ARC = YES;
				CLANG_ENABLE_OBJC_WEAK = YES;
				CLANG_WARN_BLOCK_CAPTURE_AUTORELEASING = YES;
				CLANG_WARN_BOOL_CONVERSION = YES;
				CLANG_WARN_COMMA = YES;
				CLANG_WARN_CONSTANT_CONVERSION = YES;
				CLANG_WARN_DEPRECATED_OBJC_IMPLEMENTATIONS = YES;
				CLANG_WARN_DIRECT_OBJC_ISA_USAGE = YES_ERROR;
				CLANG_WARN_DOCUMENTATION_COMMENTS = YES;
				CLANG_WARN_EMPTY_BODY = YES;
				CLANG_WARN_ENUM_CONVERSION = YES;
				CLANG_WARN_INFINITE_RECURSION = YES;
				CLANG_WARN_INT_CONVERSION = YES;
				CLANG_WARN_NON_LITERAL_NULL_CONVERSION = YES;
				CLANG_WARN_OBJC_IMPLICIT_RETAIN_SELF = YES;
				CLANG_WARN_OBJC_LITERAL_CONVERSION = YES;
				CLANG_WARN_OBJC_ROOT_CLASS = YES_ERROR;
				CLANG_WARN_QUOTED_INCLUDE_IN_FRAMEWORK_HEADER = YES;
				CLANG_WARN_RANGE_LOOP_ANALYSIS = YES;
				CLANG_WARN_STRICT_PROTOTYPES = YES;
				CLANG_WARN_SUSPICIOUS_MOVE = YES;
				CLANG_WARN_UNGUARDED_AVAILABILITY = YES_AGGRESSIVE;
				CLANG_WARN_UNREACHABLE_CODE = YES;
				CLANG_WARN__DUPLICATE_METHOD_MATCH = YES;
				COPY_PHASE_STRIP = NO;
				DEBUG_INFORMATION_FORMAT = "dwarf-with-dsym";
				DEVELOPMENT_TEAM = 2G3936C5F4;
				ENABLE_NS_ASSERTIONS = NO;
				ENABLE_STRICT_OBJC_MSGSEND = YES;
				ENABLE_USER_SCRIPT_SANDBOXING = YES;
				GCC_C_LANGUAGE_STANDARD = gnu17;
				GCC_NO_COMMON_BLOCKS = YES;
				GCC_WARN_64_TO_32_BIT_CONVERSION = YES;
				GCC_WARN_ABOUT_RETURN_TYPE = YES_ERROR;
				GCC_WARN_UNDECLARED_SELECTOR = YES;
				GCC_WARN_UNINITIALIZED_AUTOS = YES_AGGRESSIVE;
				GCC_WARN_UNUSED_FUNCTION = YES;
				GCC_WARN_UNUSED_VARIABLE = YES;
				IPHONEOS_DEPLOYMENT_TARGET = 26.5;
				LOCALIZATION_PREFERS_STRING_CATALOGS = YES;
				MTL_ENABLE_DEBUG_INFO = NO;
				MTL_FAST_MATH = YES;
				SDKROOT = iphoneos;
				STRING_CATALOG_GENERATE_SYMBOLS = YES;
				SWIFT_COMPILATION_MODE = wholemodule;
				VALIDATE_PRODUCT = YES;
			};
			name = Release;
		};
		736BA3813007DFB9005F6B14 /* Debug */ = {
			isa = XCBuildConfiguration;
			buildSettings = {
				ASSETCATALOG_COMPILER_APPICON_NAME = AppIcon;
				ASSETCATALOG_COMPILER_GLOBAL_ACCENT_COLOR_NAME = AccentColor;
				CODE_SIGN_ENTITLEMENTS = shroud/shroud.entitlements;
				CODE_SIGN_STYLE = Automatic;
				CURRENT_PROJECT_VERSION = 1;
				DEVELOPMENT_TEAM = 2G3936C5F4;
				ENABLE_PREVIEWS = YES;
				GENERATE_INFOPLIST_FILE = YES;
				INFOPLIST_FILE = shroud/Info.plist;
				INFOPLIST_KEY_NSAppTransportSecurity_AllowsLocalNetworking = YES;
				INFOPLIST_KEY_NSCameraUsageDescription = "Shroud uses the camera for photos, video messages, and video calls.";
				INFOPLIST_KEY_NSFaceIDUsageDescription = "Face ID unlocks your encrypted chats on this device.";
				INFOPLIST_KEY_NSMicrophoneUsageDescription = "Shroud uses the microphone for voice messages and calls.";
				INFOPLIST_KEY_NSPhotoLibraryAddUsageDescription = "Photos you save from a chat are added to your photo library.";
				INFOPLIST_KEY_NSPhotoLibraryUsageDescription = "Photo library access is used to send photos and videos in chats.";
				INFOPLIST_KEY_NSSpeechRecognitionUsageDescription = "Shroud transcribes voice messages on this device so you can read them. Audio never leaves the phone.";
				INFOPLIST_KEY_UIApplicationSceneManifest_Generation = YES;
				INFOPLIST_KEY_UIApplicationSupportsIndirectInputEvents = YES;
				INFOPLIST_KEY_UIBackgroundModes = "audio remote-notification voip";
				INFOPLIST_KEY_UILaunchScreen_Generation = YES;
				INFOPLIST_KEY_UISupportedInterfaceOrientations_iPad = "UIInterfaceOrientationPortrait UIInterfaceOrientationPortraitUpsideDown UIInterfaceOrientationLandscapeLeft UIInterfaceOrientationLandscapeRight";
				INFOPLIST_KEY_UISupportedInterfaceOrientations_iPhone = "UIInterfaceOrientationPortrait UIInterfaceOrientationLandscapeLeft UIInterfaceOrientationLandscapeRight";
				LD_RUNPATH_SEARCH_PATHS = (
					"$(inherited)",
					"@executable_path/Frameworks",
				);
				MARKETING_VERSION = 1.0;
				PRODUCT_BUNDLE_IDENTIFIER = de.corespace.shroud;
				PRODUCT_NAME = "$(TARGET_NAME)";
				STRING_CATALOG_GENERATE_SYMBOLS = YES;
				SWIFT_APPROACHABLE_CONCURRENCY = YES;
				SWIFT_DEFAULT_ACTOR_ISOLATION = MainActor;
				SWIFT_EMIT_LOC_STRINGS = YES;
				SWIFT_UPCOMING_FEATURE_MEMBER_IMPORT_VISIBILITY = YES;
				SWIFT_VERSION = 5.0;
				TARGETED_DEVICE_FAMILY = "1,2";
			};
			name = Debug;
		};
		736BA3823007DFB9005F6B14 /* Release */ = {
			isa = XCBuildConfiguration;
			buildSettings = {
				ASSETCATALOG_COMPILER_APPICON_NAME = AppIcon;
				ASSETCATALOG_COMPILER_GLOBAL_ACCENT_COLOR_NAME = AccentColor;
				CODE_SIGN_ENTITLEMENTS = shroud/shroud.entitlements;
				CODE_SIGN_STYLE = Automatic;
				CURRENT_PROJECT_VERSION = 1;
				DEVELOPMENT_TEAM = 2G3936C5F4;
				ENABLE_PREVIEWS = YES;
				GENERATE_INFOPLIST_FILE = YES;
				INFOPLIST_FILE = shroud/Info.plist;
				INFOPLIST_KEY_NSAppTransportSecurity_AllowsLocalNetworking = YES;
				INFOPLIST_KEY_NSCameraUsageDescription = "Shroud uses the camera for photos, video messages, and video calls.";
				INFOPLIST_KEY_NSFaceIDUsageDescription = "Face ID unlocks your encrypted chats on this device.";
				INFOPLIST_KEY_NSMicrophoneUsageDescription = "Shroud uses the microphone for voice messages and calls.";
				INFOPLIST_KEY_NSPhotoLibraryAddUsageDescription = "Photos you save from a chat are added to your photo library.";
				INFOPLIST_KEY_NSPhotoLibraryUsageDescription = "Photo library access is used to send photos and videos in chats.";
				INFOPLIST_KEY_NSSpeechRecognitionUsageDescription = "Shroud transcribes voice messages on this device so you can read them. Audio never leaves the phone.";
				INFOPLIST_KEY_UIApplicationSceneManifest_Generation = YES;
				INFOPLIST_KEY_UIApplicationSupportsIndirectInputEvents = YES;
				INFOPLIST_KEY_UIBackgroundModes = "audio remote-notification voip";
				INFOPLIST_KEY_UILaunchScreen_Generation = YES;
				INFOPLIST_KEY_UISupportedInterfaceOrientations_iPad = "UIInterfaceOrientationPortrait UIInterfaceOrientationPortraitUpsideDown UIInterfaceOrientationLandscapeLeft UIInterfaceOrientationLandscapeRight";
				INFOPLIST_KEY_UISupportedInterfaceOrientations_iPhone = "UIInterfaceOrientationPortrait UIInterfaceOrientationLandscapeLeft UIInterfaceOrientationLandscapeRight";
				LD_RUNPATH_SEARCH_PATHS = (
					"$(inherited)",
					"@executable_path/Frameworks",
				);
				MARKETING_VERSION = 1.0;
				PRODUCT_BUNDLE_IDENTIFIER = de.corespace.shroud;
				PRODUCT_NAME = "$(TARGET_NAME)";
				STRING_CATALOG_GENERATE_SYMBOLS = YES;
				SWIFT_APPROACHABLE_CONCURRENCY = YES;
				SWIFT_DEFAULT_ACTOR_ISOLATION = MainActor;
				SWIFT_EMIT_LOC_STRINGS = YES;
				SWIFT_UPCOMING_FEATURE_MEMBER_IMPORT_VISIBILITY = YES;
				SWIFT_VERSION = 5.0;
				TARGETED_DEVICE_FAMILY = "1,2";
			};
			name = Release;
		};
		736BA3843007DFB9005F6B14 /* Debug */ = {
			isa = XCBuildConfiguration;
			buildSettings = {
				BUNDLE_LOADER = "$(TEST_HOST)";
				CODE_SIGN_STYLE = Automatic;
				CURRENT_PROJECT_VERSION = 1;
				DEVELOPMENT_TEAM = 2G3936C5F4;
				GENERATE_INFOPLIST_FILE = YES;
				IPHONEOS_DEPLOYMENT_TARGET = 26.5;
				MARKETING_VERSION = 1.0;
				PRODUCT_BUNDLE_IDENTIFIER = de.corespace.shroudTests;
				PRODUCT_NAME = "$(TARGET_NAME)";
				STRING_CATALOG_GENERATE_SYMBOLS = NO;
				SWIFT_APPROACHABLE_CONCURRENCY = YES;
				SWIFT_EMIT_LOC_STRINGS = NO;
				SWIFT_UPCOMING_FEATURE_MEMBER_IMPORT_VISIBILITY = YES;
				SWIFT_VERSION = 5.0;
				TARGETED_DEVICE_FAMILY = "1,2";
				TEST_HOST = "$(BUILT_PRODUCTS_DIR)/shroud.app/$(BUNDLE_EXECUTABLE_FOLDER_PATH)/shroud";
			};
			name = Debug;
		};
		736BA3853007DFB9005F6B14 /* Release */ = {
			isa = XCBuildConfiguration;
			buildSettings = {
				BUNDLE_LOADER = "$(TEST_HOST)";
				CODE_SIGN_STYLE = Automatic;
				CURRENT_PROJECT_VERSION = 1;
				DEVELOPMENT_TEAM = 2G3936C5F4;
				GENERATE_INFOPLIST_FILE = YES;
				IPHONEOS_DEPLOYMENT_TARGET = 26.5;
				MARKETING_VERSION = 1.0;
				PRODUCT_BUNDLE_IDENTIFIER = de.corespace.shroudTests;
				PRODUCT_NAME = "$(TARGET_NAME)";
				STRING_CATALOG_GENERATE_SYMBOLS = NO;
				SWIFT_APPROACHABLE_CONCURRENCY = YES;
				SWIFT_EMIT_LOC_STRINGS = NO;
				SWIFT_UPCOMING_FEATURE_MEMBER_IMPORT_VISIBILITY = YES;
				SWIFT_VERSION = 5.0;
				TARGETED_DEVICE_FAMILY = "1,2";
				TEST_HOST = "$(BUILT_PRODUCTS_DIR)/shroud.app/$(BUNDLE_EXECUTABLE_FOLDER_PATH)/shroud";
			};
			name = Release;
		};
		736BA3873007DFB9005F6B14 /* Debug */ = {
			isa = XCBuildConfiguration;
			buildSettings = {
				CODE_SIGN_STYLE = Automatic;
				CURRENT_PROJECT_VERSION = 1;
				DEVELOPMENT_TEAM = 2G3936C5F4;
				GENERATE_INFOPLIST_FILE = YES;
				MARKETING_VERSION = 1.0;
				PRODUCT_BUNDLE_IDENTIFIER = de.corespace.shroudUITests;
				PRODUCT_NAME = "$(TARGET_NAME)";
				STRING_CATALOG_GENERATE_SYMBOLS = NO;
				SWIFT_APPROACHABLE_CONCURRENCY = YES;
				SWIFT_EMIT_LOC_STRINGS = NO;
				SWIFT_UPCOMING_FEATURE_MEMBER_IMPORT_VISIBILITY = YES;
				SWIFT_VERSION = 5.0;
				TARGETED_DEVICE_FAMILY = "1,2";
				TEST_TARGET_NAME = shroud;
			};
			name = Debug;
		};
		736BA3883007DFB9005F6B14 /* Release */ = {
			isa = XCBuildConfiguration;
			buildSettings = {
				CODE_SIGN_STYLE = Automatic;
				CURRENT_PROJECT_VERSION = 1;
				DEVELOPMENT_TEAM = 2G3936C5F4;
				GENERATE_INFOPLIST_FILE = YES;
				MARKETING_VERSION = 1.0;
				PRODUCT_BUNDLE_IDENTIFIER = de.corespace.shroudUITests;
				PRODUCT_NAME = "$(TARGET_NAME)";
				STRING_CATALOG_GENERATE_SYMBOLS = NO;
				SWIFT_APPROACHABLE_CONCURRENCY = YES;
				SWIFT_EMIT_LOC_STRINGS = NO;
				SWIFT_UPCOMING_FEATURE_MEMBER_IMPORT_VISIBILITY = YES;
				SWIFT_VERSION = 5.0;
				TARGETED_DEVICE_FAMILY = "1,2";
				TEST_TARGET_NAME = shroud;
			};
			name = Release;
		};
		73A0B0110000000000000011 /* Debug */ = {
			isa = XCBuildConfiguration;
			buildSettings = {
				CODE_SIGN_ENTITLEMENTS = ShroudNotificationService/ShroudNotificationService.entitlements;
				CODE_SIGN_STYLE = Automatic;
				CURRENT_PROJECT_VERSION = 1;
				DEVELOPMENT_TEAM = 2G3936C5F4;
				GENERATE_INFOPLIST_FILE = YES;
				INFOPLIST_FILE = ShroudNotificationService/Info.plist;
				INFOPLIST_KEY_CFBundleDisplayName = "Shroud Notifications";
				INFOPLIST_KEY_NSHumanReadableCopyright = "";
				IPHONEOS_DEPLOYMENT_TARGET = 26.5;
				LD_RUNPATH_SEARCH_PATHS = (
					"$(inherited)",
					"@executable_path/Frameworks",
					"@executable_path/../../Frameworks",
				);
				MARKETING_VERSION = 1.0;
				PRODUCT_BUNDLE_IDENTIFIER = de.corespace.shroud.NotificationService;
				PRODUCT_NAME = "$(TARGET_NAME)";
				SKIP_INSTALL = YES;
				STRING_CATALOG_GENERATE_SYMBOLS = YES;
				SWIFT_APPROACHABLE_CONCURRENCY = YES;
				SWIFT_EMIT_LOC_STRINGS = YES;
				SWIFT_UPCOMING_FEATURE_MEMBER_IMPORT_VISIBILITY = YES;
				SWIFT_VERSION = 5.0;
				TARGETED_DEVICE_FAMILY = "1,2";
			};
			name = Debug;
		};
		73A0B0120000000000000012 /* Release */ = {
			isa = XCBuildConfiguration;
			buildSettings = {
				CODE_SIGN_ENTITLEMENTS = ShroudNotificationService/ShroudNotificationService.entitlements;
				CODE_SIGN_STYLE = Automatic;
				CURRENT_PROJECT_VERSION = 1;
				DEVELOPMENT_TEAM = 2G3936C5F4;
				GENERATE_INFOPLIST_FILE = YES;
				INFOPLIST_FILE = ShroudNotificationService/Info.plist;
				INFOPLIST_KEY_CFBundleDisplayName = "Shroud Notifications";
				INFOPLIST_KEY_NSHumanReadableCopyright = "";
				IPHONEOS_DEPLOYMENT_TARGET = 26.5;
				LD_RUNPATH_SEARCH_PATHS = (
					"$(inherited)",
					"@executable_path/Frameworks",
					"@executable_path/../../Frameworks",
				);
				MARKETING_VERSION = 1.0;
				PRODUCT_BUNDLE_IDENTIFIER = de.corespace.shroud.NotificationService;
				PRODUCT_NAME = "$(TARGET_NAME)";
				SKIP_INSTALL = YES;
				STRING_CATALOG_GENERATE_SYMBOLS = YES;
				SWIFT_APPROACHABLE_CONCURRENCY = YES;
				SWIFT_EMIT_LOC_STRINGS = YES;
				SWIFT_UPCOMING_FEATURE_MEMBER_IMPORT_VISIBILITY = YES;
				SWIFT_VERSION = 5.0;
				TARGETED_DEVICE_FAMILY = "1,2";
			};
			name = Release;
		};
/* End XCBuildConfiguration section */

/* Begin XCConfigurationList section */
		736BA3583007DFB8005F6B14 /* Build configuration list for PBXProject "shroud" */ = {
			isa = XCConfigurationList;
			buildConfigurations = (
				736BA37E3007DFB9005F6B14 /* Debug */,
				736BA37F3007DFB9005F6B14 /* Release */,
			);
			defaultConfigurationIsVisible = 0;
			defaultConfigurationName = Release;
		};
		736BA3803007DFB9005F6B14 /* Build configuration list for PBXNativeTarget "shroud" */ = {
			isa = XCConfigurationList;
			buildConfigurations = (
				736BA3813007DFB9005F6B14 /* Debug */,
				736BA3823007DFB9005F6B14 /* Release */,
			);
			defaultConfigurationIsVisible = 0;
			defaultConfigurationName = Release;
		};
		736BA3833007DFB9005F6B14 /* Build configuration list for PBXNativeTarget "shroudTests" */ = {
			isa = XCConfigurationList;
			buildConfigurations = (
				736BA3843007DFB9005F6B14 /* Debug */,
				736BA3853007DFB9005F6B14 /* Release */,
			);
			defaultConfigurationIsVisible = 0;
			defaultConfigurationName = Release;
		};
		736BA3863007DFB9005F6B14 /* Build configuration list for PBXNativeTarget "shroudUITests" */ = {
			isa = XCConfigurationList;
			buildConfigurations = (
				736BA3873007DFB9005F6B14 /* Debug */,
				736BA3883007DFB9005F6B14 /* Release */,
			);
			defaultConfigurationIsVisible = 0;
			defaultConfigurationName = Release;
		};
		73A0B0130000000000000013 /* Build configuration list for PBXNativeTarget "ShroudNotificationService" */ = {
			isa = XCConfigurationList;
			buildConfigurations = (
				73A0B0110000000000000011 /* Debug */,
				73A0B0120000000000000012 /* Release */,
			);
			defaultConfigurationIsVisible = 0;
			defaultConfigurationName = Release;
		};
/* End XCConfigurationList section */

/* Begin XCRemoteSwiftPackageReference section */
		73WK0001305C000000000001 /* XCRemoteSwiftPackageReference "WhisperKit" */ = {
			isa = XCRemoteSwiftPackageReference;
			repositoryURL = "https://github.com/argmaxinc/WhisperKit.git";
			requirement = {
				kind = upToNextMajorVersion;
				minimumVersion = 0.13.0;
			};
		};
/* End XCRemoteSwiftPackageReference section */

/* Begin XCLocalSwiftPackageReference section */
		73WR0001305C000000000001 /* XCLocalSwiftPackageReference "Vendor/WebRTC" */ = {
			isa = XCLocalSwiftPackageReference;
			relativePath = Vendor/WebRTC;
		};
/* End XCLocalSwiftPackageReference section */

/* Begin XCSwiftPackageProductDependency section */
		73WK0002305C000000000002 /* WhisperKit */ = {
			isa = XCSwiftPackageProductDependency;
			package = 73WK0001305C000000000001 /* XCRemoteSwiftPackageReference "WhisperKit" */;
			productName = WhisperKit;
		};
		73WR0002305C000000000002 /* WebRTC */ = {
			isa = XCSwiftPackageProductDependency;
			package = 73WR0001305C000000000001 /* XCLocalSwiftPackageReference "Vendor/WebRTC" */;
			productName = WebRTC;
		};
/* End XCSwiftPackageProductDependency section */
	};
	rootObject = 736BA3553007DFB8005F6B14 /* Project object */;
}
